// !$*UTF8*$!
{
	archiveVersion = 1;
	classes = {
	};
	objectVersion = 46;
	objects = {

/* Begin PBXBuildFile section */
		367D1EB11A806DE7002A60EF /* AppDelegate.swift in Sources */ = {isa = PBXBuildFile; fileRef = 367D1EB01A806DE7002A60EF /* AppDelegate.swift */; };
		367D1EB31A806DE7002A60EF /* ViewController.swift in Sources */ = {isa = PBXBuildFile; fileRef = 367D1EB21A806DE7002A60EF /* ViewController.swift */; };
		367D1EB61A806DE7002A60EF /* Main.storyboard in Resources */ = {isa = PBXBuildFile; fileRef = 367D1EB41A806DE7002A60EF /* Main.storyboard */; };
		367D1EB81A806DE7002A60EF /* Images.xcassets in Resources */ = {isa = PBXBuildFile; fileRef = 367D1EB71A806DE7002A60EF /* Images.xcassets */; };
		367D1EBB1A806DE7002A60EF /* LaunchScreen.xib in Resources */ = {isa = PBXBuildFile; fileRef = 367D1EB91A806DE7002A60EF /* LaunchScreen.xib */; };
		367D1EC71A806DE7002A60EF /* thebestappTests.swift in Sources */ = {isa = PBXBuildFile; fileRef = 367D1EC61A806DE7002A60EF /* thebestappTests.swift */; };
/* End PBXBuildFile section */

/* Begin PBXContainerItemProxy section */
		367D1EC11A806DE7002A60EF /* PBXContainerItemProxy */ = {
			isa = PBXContainerItemProxy;
			containerPortal = 367D1EA31A806DE7002A60EF /* Project object */;
			proxyType = 1;
			remoteGlobalIDString = 367D1EAA1A806DE7002A60EF;
			remoteInfo = thebestapp;
		};
/* End PBXContainerItemProxy section */

/* Begin PBXFileReference section */
		367D1EAB1A806DE7002A60EF /* thebestapp.app */ = {isa = PBXFileReference; explicitFileType = wrapper.application; includeInIndex = 0; path = thebestapp.app; sourceTree = BUILT_PRODUCTS_DIR; };
		367D1EAF1A806DE7002A60EF /* Info.plist */ = {isa = PBXFileReference; lastKnownFileType = text.plist.xml; path = Info.plist; sourceTree = "<group>"; };
		367D1EB01A806DE7002A60EF /* AppDelegate.swift */ = {isa = PBXFileReference; lastKnownFileType = sourcecode.swift; path = AppDelegate.swift; sourceTree = "<group>"; };
		367D1EB21A806DE7002A60EF /* ViewController.swift */ = {isa = PBXFileReference; lastKnownFileType = sourcecode.swift; path = ViewController.swift; sourceTree = "<group>"; };
		367D1EB51A806DE7002A60EF /* Base */ = {isa = PBXFileReference; lastKnownFileType = file.storyboard; name = Base; path = Base.lproj/Main.storyboard; sourceTree = "<group>"; };
		367D1EB71A806DE7002A60EF /* Images.xcassets */ = {isa = PBXFileReference; lastKnownFileType = folder.assetcatalog; path = Images.xcassets; sourceTree = "<group>"; };
		367D1EBA1A806DE7002A60EF /* Base */ = {isa = PBXFileReference; lastKnownFileType = file.xib; name = Base; path = Base.lproj/LaunchScreen.xib; sourceTree = "<group>"; };
		367D1EC01A806DE7002A60EF /* thebestappTests.xctest */ = {isa = PBXFileReference; explicitFileType = wrapper.cfbundle; includeInIndex = 0; path = thebestappTests.xctest; sourceTree = BUILT_PRODUCTS_DIR; };
		367D1EC51A806DE7002A60EF /* Info.plist */ = {isa = PBXFileReference; lastKnownFileType = text.plist.xml; path = Info.plist; sourceTree = "<group>"; };
		367D1EC61A806DE7002A60EF /* thebestappTests.swift */ = {isa = PBXFileReference; lastKnownFileType = sourcecode.swift; path = thebestappTests.swift; sourceTree = "<group>"; };
/* End PBXFileReference section */

/* Begin PBXFrameworksBuildPhase section */
		367D1EA81A806DE7002A60EF /* Frameworks */ = {
			isa = PBXFrameworksBuildPhase;
			buildActionMask = 2147483647;
			files = (
			);
			runOnlyForDeploymentPostprocessing = 0;
		};
		367D1EBD1A806DE7002A60EF /* Frameworks */ = {
			isa = PBXFrameworksBuildPhase;
			buildActionMask = 2147483647;
			files = (
			);
			runOnlyForDeploymentPostprocessing = 0;
		};
/* End PBXFrameworksBuildPhase section */

/* Begin PBXGroup section */
		367D1EA21A806DE7002A60EF = {
			isa = PBXGroup;
			children = (
				367D1EAD1A806DE7002A60EF /* thebestapp */,
				367D1EC31A806DE7002A60EF /* thebestappTests */,
				367D1EAC1A806DE7002A60EF /* Products */,
			);
			sourceTree = "<group>";
		};
		367D1EAC1A806DE7002A60EF /* Products */ = {
			isa = PBXGroup;
			children = (
				367D1EAB1A806DE7002A60EF /* thebestapp.app */,
				367D1EC01A806DE7002A60EF /* thebestappTests.xctest */,
			);
			name = Products;
			sourceTree = "<group>";
		};
		367D1EAD1A806DE7002A60EF /* thebestapp */ = {
			isa = PBXGroup;
			children = (
				367D1EB01A806DE7002A60EF /* AppDelegate.swift */,
				367D1EB21A806DE7002A60EF /* ViewController.swift */,
				367D1EB41A806DE7002A60EF /* Main.storyboard */,
				367D1EB71A806DE7002A60EF /* Images.xcassets */,
				367D1EB91A806DE7002A60EF /* LaunchScreen.xib */,
				367D1EAE1A806DE7002A60EF /* Supporting Files */,
			);
			path = thebestapp;
			sourceTree = "<group>";
		};
		367D1EAE1A806DE7002A60EF /* Supporting Files */ = {
			isa = PBXGroup;
			children = (
				367D1EAF1A806DE7002A60EF /* Info.plist */,
			);
			name = "Supporting Files";
			sourceTree = "<group>";
		};
		367D1EC31A806DE7002A60EF /* thebestappTests */ = {
			isa = PBXGroup;
			children = (
				367D1EC61A806DE7002A60EF /* thebestappTests.swift */,
				367D1EC41A806DE7002A60EF /* Supporting Files */,
			);
			path = thebestappTests;
			sourceTree = "<group>";
		};
		367D1EC41A806DE7002A60EF /* Supporting Files */ = {
			isa = PBXGroup;
			children = (
				367D1EC51A806DE7002A60EF /* Info.plist */,
			);
			name = "Supporting Files";
			sourceTree = "<group>";
		};
/* End PBXGroup section */

/* Begin PBXNativeTarget section */
		367D1EAA1A806DE7002A60EF /* thebestapp */ = {
			isa = PBXNativeTarget;
			buildConfigurationList = 367D1ECA1A806DE7002A60EF /* Build configuration list for PBXNativeTarget "thebestapp" */;
			buildPhases = (
				367D1EA71A806DE7002A60EF /* Sources */,
				367D1EA81A806DE7002A60EF /* Frameworks */,
				367D1EA91A806DE7002A60EF /* Resources */,
			);
			buildRules = (
			);
			dependencies = (
			);
			name = thebestapp;
			productName = thebestapp;
			productReference = 367D1EAB1A806DE7002A60EF /* thebestapp.app */;
			productType = "com.apple.product-type.application";
		};
		367D1EBF1A806DE7002A60EF /* thebestappTests */ = {
			isa = PBXNativeTarget;
			buildConfigurationList = 367D1ECD1A806DE7002A60EF /* Build configuration list for PBXNativeTarget "thebestappTests" */;
			buildPhases = (
				367D1EBC1A806DE7002A60EF /* Sources */,
				367D1EBD1A806DE7002A60EF /* Frameworks */,
				367D1EBE1A806DE7002A60EF /* Resources */,
			);
			buildRules = (
			);
			dependencies = (
				367D1EC21A806DE7002A60EF /* PBXTargetDependency */,
			);
			name = thebestappTests;
			productName = thebestappTests;
			productReference = 367D1EC01A806DE7002A60EF /* thebestappTests.xctest */;
			productType = "com.apple.product-type.bundle.unit-test";
		};
/* End PBXNativeTarget section */

/* Begin PBXProject section */
		367D1EA31A806DE7002A60EF /* Project object */ = {
			isa = PBXProject;
			attributes = {
				LastUpgradeCheck = 0610;
				ORGANIZATIONNAME = "Rock Valley College";
				TargetAttributes = {
					367D1EAA1A806DE7002A60EF = {
						CreatedOnToolsVersion = 6.1;
					};
					367D1EBF1A806DE7002A60EF = {
						CreatedOnToolsVersion = 6.1;
						TestTargetID = 367D1EAA1A806DE7002A60EF;
					};
				};
			};
			buildConfigurationList = 367D1EA61A806DE7002A60EF /* Build configuration list for PBXProject "thebestapp" */;
			compatibilityVersion = "Xcode 3.2";
			developmentRegion = English;
			hasScannedForEncodings = 0;
			knownRegions = (
				en,
				Base,
			);
			mainGroup = 367D1EA21A806DE7002A60EF;
			productRefGroup = 367D1EAC1A806DE7002A60EF /* Products */;
			projectDirPath = "";
			projectRoot = "";
			targets = (
				367D1EAA1A806DE7002A60EF /* thebestapp */,
				367D1EBF1A806DE7002A60EF /* thebestappTests */,
			);
		};
/* End PBXProject section */

/* Begin PBXResourcesBuildPhase section */
		367D1EA91A806DE7002A60EF /* Resources */ = {
			isa = PBXResourcesBuildPhase;
			buildActionMask = 2147483647;
			files = (
				367D1EB61A806DE7002A60EF /* Main.storyboard in Resources */,
				367D1EBB1A806DE7002A60EF /* LaunchScreen.xib in Resources */,
				367D1EB81A806DE7002A60EF /* Images.xcassets in Resources */,
			);
			runOnlyForDeploymentPostprocessing = 0;
		};
		367D1EBE1A806DE7002A60EF /* Resources */ = {
			isa = PBXResourcesBuildPhase;
			buildActionMask = 2147483647;
			files = (
			);
			runOnlyForDeploymentPostprocessing = 0;
		};
/* End PBXResourcesBuildPhase section */

/* Begin PBXSourcesBuildPhase section */
		367D1EA71A806DE7002A60EF /* Sources */ = {
			isa = PBXSourcesBuildPhase;
			buildActionMask = 2147483647;
			files = (
				367D1EB31A806DE7002A60EF /* ViewController.swift in Sources */,
				367D1EB11A806DE7002A60EF /* AppDelegate.swift in Sources */,
			);
			runOnlyForDeploymentPostprocessing = 0;
		};
		367D1EBC1A806DE7002A60EF /* Sources */ = {
			isa = PBXSourcesBuildPhase;
			buildActionMask = 2147483647;
			files = (
				367D1EC71A806DE7002A60EF /* thebestappTests.swift in Sources */,
			);
			runOnlyForDeploymentPostprocessing = 0;
		};
/* End PBXSourcesBuildPhase section */

/* Begin PBXTargetDependency section */
		367D1EC21A806DE7002A60EF /* PBXTargetDependency */ = {
			isa = PBXTargetDependency;
			target = 367D1EAA1A806DE7002A60EF /* thebestapp */;
			targetProxy = 367D1EC11A806DE7002A60EF /* PBXContainerItemProxy */;
		};
/* End PBXTargetDependency section */

/* Begin PBXVariantGroup section */
		367D1EB41A806DE7002A60EF /* Main.storyboard */ = {
			isa = PBXVariantGroup;
			children = (
				367D1EB51A806DE7002A60EF /* Base */,
			);
			name = Main.storyboard;
			sourceTree = "<group>";
		};
		367D1EB91A806DE7002A60EF /* LaunchScreen.xib */ = {
			isa = PBXVariantGroup;
			children = (
				367D1EBA1A806DE7002A60EF /* Base */,
			);
			name = LaunchScreen.xib;
			sourceTree = "<group>";
		};
/* End PBXVariantGroup section */

/* Begin XCBuildConfiguration section */
		367D1EC81A806DE7002A60EF /* Debug */ = {
			isa = XCBuildConfiguration;
			buildSettings = {
				ALWAYS_SEARCH_USER_PATHS = NO;
				CLANG_CXX_LANGUAGE_STANDARD = "gnu++0x";
				CLANG_CXX_LIBRARY = "libc++";
				CLANG_ENABLE_MODULES = YES;
				CLANG_ENABLE_OBJC_ARC = YES;
				CLANG_WARN_BOOL_CONVERSION = YES;
				CLANG_WARN_CONSTANT_CONVERSION = YES;
				CLANG_WARN_DIRECT_OBJC_ISA_USAGE = YES_ERROR;
				CLANG_WARN_EMPTY_BODY = YES;
				CLANG_WARN_ENUM_CONVERSION = YES;
				CLANG_WARN_INT_CONVERSION = YES;
				CLANG_WARN_OBJC_ROOT_CLASS = YES_ERROR;
				CLANG_WARN_UNREACHABLE_CODE = YES;
				CLANG_WARN__DUPLICATE_METHOD_MATCH = YES;
				"CODE_SIGN_IDENTITY[sdk=iphoneos*]" = "iPhone Developer";
				COPY_PHASE_STRIP = NO;
				ENABLE_STRICT_OBJC_MSGSEND = YES;
				GCC_C_LANGUAGE_STANDARD = gnu99;
				GCC_DYNAMIC_NO_PIC = NO;
				GCC_OPTIMIZATION_LEVEL = 0;
				GCC_PREPROCESSOR_DEFINITIONS = (
					"DEBUG=1",
					"$(inherited)",
				);
				GCC_SYMBOLS_PRIVATE_EXTERN = NO;
				GCC_WARN_64_TO_32_BIT_CONVERSION = YES;
				GCC_WARN_ABOUT_RETURN_TYPE = YES_ERROR;
				GCC_WARN_UNDECLARED_SELECTOR = YES;
				GCC_WARN_UNINITIALIZED_AUTOS = YES_AGGRESSIVE;
				GCC_WARN_UNUSED_FUNCTION = YES;
				GCC_WARN_UNUSED_VARIABLE = YES;
				IPHONEOS_DEPLOYMENT_TARGET = 8.1;
				MTL_ENABLE_DEBUG_INFO = YES;
				ONLY_ACTIVE_ARCH = YES;
				SDKROOT = iphoneos;
				SWIFT_OPTIMIZATION_LEVEL = "-Onone";
			};
			name = Debug;
		};
		367D1EC91A806DE7002A60EF /* Release */ = {
			isa = XCBuildConfiguration;
			buildSettings = {
				ALWAYS_SEARCH_USER_PATHS = NO;
				CLANG_CXX_LANGUAGE_STANDARD = "gnu++0x";
				CLANG_CXX_LIBRARY = "libc++";
				CLANG_ENABLE_MODULES = YES;
				CLANG_ENABLE_OBJC_ARC = YES;
				CLANG_WARN_BOOL_CONVERSION = YES;
				CLANG_WARN_CONSTANT_CONVERSION = YES;
				CLANG_WARN_DIRECT_OBJC_ISA_USAGE = YES_ERROR;
				CLANG_WARN_EMPTY_BODY = YES;
				CLANG_WARN_ENUM_CONVERSION = YES;
				CLANG_WARN_INT_CONVERSION = YES;
				CLANG_WARN_OBJC_ROOT_CLASS = YES_ERROR;
				CLANG_WARN_UNREACHABLE_CODE = YES;
				CLANG_WARN__DUPLICATE_METHOD_MATCH = YES;
				"CODE_SIGN_IDENTITY[sdk=iphoneos*]" = "iPhone Developer";
				COPY_PHASE_STRIP = YES;
				ENABLE_NS_ASSERTIONS = NO;
				ENABLE_STRICT_OBJC_MSGSEND = YES;
				GCC_C_LANGUAGE_STANDARD = gnu99;
				GCC_WARN_64_TO_32_BIT_CONVERSION = YES;
				GCC_WARN_ABOUT_RETURN_TYPE = YES_ERROR;
				GCC_WARN_UNDECLARED_SELECTOR = YES;
				GCC_WARN_UNINITIALIZED_AUTOS = YES_AGGRESSIVE;
				GCC_WARN_UNUSED_FUNCTION = YES;
				GCC_WARN_UNUSED_VARIABLE = YES;
				IPHONEOS_DEPLOYMENT_TARGET = 8.1;
				MTL_ENABLE_DEBUG_INFO = NO;
				SDKROOT = iphoneos;
				VALIDATE_PRODUCT = YES;
			};
			name = Release;
		};
		367D1ECB1A806DE7002A60EF /* Debug */ = {
			isa = XCBuildConfiguration;
			buildSettings = {
				ASSETCATALOG_COMPILER_APPICON_NAME = AppIcon;
				INFOPLIST_FILE = thebestapp/Info.plist;
				LD_RUNPATH_SEARCH_PATHS = "$(inherited) @executable_path/Frameworks";
				PRODUCT_NAME = "$(TARGET_NAME)";
			};
			name = Debug;
		};
		367D1ECC1A806DE7002A60EF /* Release */ = {
			isa = XCBuildConfiguration;
			buildSettings = {
				ASSETCATALOG_COMPILER_APPICON_NAME = AppIcon;
				INFOPLIST_FILE = thebestapp/Info.plist;
				LD_RUNPATH_SEARCH_PATHS = "$(inherited) @executable_path/Frameworks";
				PRODUCT_NAME = "$(TARGET_NAME)";
			};
			name = Release;
		};
		367D1ECE1A806DE7002A60EF /* Debug */ = {
			isa = XCBuildConfiguration;
			buildSettings = {
				BUNDLE_LOADER = "$(TEST_HOST)";
				FRAMEWORK_SEARCH_PATHS = (
					"$(SDKROOT)/Developer/Library/Frameworks",
					"$(inherited)",
				);
				GCC_PREPROCESSOR_DEFINITIONS = (
					"DEBUG=1",
					"$(inherited)",
				);
				INFOPLIST_FILE = thebestappTests/Info.plist;
				LD_RUNPATH_SEARCH_PATHS = "$(inherited) @executable_path/Frameworks @loader_path/Frameworks";
				PRODUCT_NAME = "$(TARGET_NAME)";
				TEST_HOST = "$(BUILT_PRODUCTS_DIR)/thebestapp.app/thebestapp";
			};
			name = Debug;
		};
		367D1ECF1A806DE7002A60EF /* Release */ = {
			isa = XCBuildConfiguration;
			buildSettings = {
				BUNDLE_LOADER = "$(TEST_HOST)";
				FRAMEWORK_SEARCH_PATHS = (
					"$(SDKROOT)/Developer/Library/Frameworks",
					"$(inherited)",
				);
				INFOPLIST_FILE = thebestappTests/Info.plist;
				LD_RUNPATH_SEARCH_PATHS = "$(inherited) @executable_path/Frameworks @loader_path/Frameworks";
				PRODUCT_NAME = "$(TARGET_NAME)";
				TEST_HOST = "$(BUILT_PRODUCTS_DIR)/thebestapp.app/thebestapp";
			};
			name = Release;
		};
/* End XCBuildConfiguration section */

/* Begin XCConfigurationList section */
		367D1EA61A806DE7002A60EF /* Build configuration list for PBXProject "thebestapp" */ = {
			isa = XCConfigurationList;
			buildConfigurations = (
				367D1EC81A806DE7002A60EF /* Debug */,
				367D1EC91A806DE7002A60EF /* Release */,
			);
			defaultConfigurationIsVisible = 0;
			defaultConfigurationName = Release;
		};
		367D1ECA1A806DE7002A60EF /* Build configuration list for PBXNativeTarget "thebestapp" */ = {
			isa = XCConfigurationList;
			buildConfigurations = (
				367D1ECB1A806DE7002A60EF /* Debug */,
				367D1ECC1A806DE7002A60EF /* Release */,
			);
			defaultConfigurationIsVisible = 0;
		};
		367D1ECD1A806DE7002A60EF /* Build configuration list for PBXNativeTarget "thebestappTests" */ = {
			isa = XCConfigurationList;
			buildConfigurations = (
				367D1ECE1A806DE7002A60EF /* Debug */,
				367D1ECF1A806DE7002A60EF /* Release */,
			);
			defaultConfigurationIsVisible = 0;
		};
/* End XCConfigurationList section */
	};
	rootObject = 367D1EA31A806DE7002A60EF /* Project object */;
}
